<?xml version="1.0" encoding="utf-8"?>
<Project ToolsVersion="4.0" xmlns="http://schemas.microsoft.com/developer/msbuild/2003">
  <ItemGroup>
    <Filter Include="Source Files">
      <UniqueIdentifier>{4FC737F1-C7A5-4376-A066-2A32D752A2FF}</UniqueIdentifier>
      <Extensions>cpp;c;cc;cxx;def;odl;idl;hpj;bat;asm;asmx</Extensions>
    </Filter>
    <Filter Include="Header Files">
      <UniqueIdentifier>{93995380-89BD-4b04-88EB-625FBE52EBFB}</UniqueIdentifier>
      <Extensions>h;hh;hpp;hxx;hm;inl;inc;ipp;xsd</Extensions>
    </Filter>
    <Filter Include="Resource Files">
      <UniqueIdentifier>{67DA6AB6-F800-4c08-8B7A-83BB121AAD01}</UniqueIdentifier>
      <Extensions>rc;ico;cur;bmp;dlg;rc2;rct;bin;rgs;gif;jpg;jpeg;jpe;resx;tiff;tif;png;wav;mfcribbon-ms</Extensions>
    </Filter>
    <Filter Include="Header Files\Libraries">
      <UniqueIdentifier>{66c32e32-b538-40b7-b5c2-5d4584b156ee}</UniqueIdentifier>
    </Filter>
    <Filter Include="Header Files\Color">
      <UniqueIdentifier>{0487bd64-21b7-4809-9697-936a382c0816}</UniqueIdentifier>
    </Filter>
    <Filter Include="Header Files\GUI">
      <UniqueIdentifier>{eb39e862-d0e7-4753-8494-9f2700309ab6}</UniqueIdentifier>
    </Filter>
    <Filter Include="Header Files\Transform">
      <UniqueIdentifier>{b17cfcc3-801c-4d8b-b120-f65c7463beb9}</UniqueIdentifier>
    </Filter>
    <Filter Include="Header Files\Affector">
      <UniqueIdentifier>{a9c5491b-84a0-47a7-b26a-be3136c759f0}</UniqueIdentifier>
    </Filter>
    <Filter Include="Header Files\Object">
      <UniqueIdentifier>{a25c07f5-d15c-46fd-9511-d0dbfb6428a9}</UniqueIdentifier>
    </Filter>
  </ItemGroup>
  <ItemGroup>
    <ClInclude Include="Application.h">
      <Filter>Header Files</Filter>
    </ClInclude>
    <ClInclude Include="Sprite.h">
      <Filter>Header Files</Filter>
    </ClInclude>
    <ClInclude Include="AllHeader.h">
      <Filter>Header Files</Filter>
    </ClInclude>
    <ClInclude Include="Rendering.h">
      <Filter>Header Files</Filter>
    </ClInclude>
    <ClInclude Include="ParticleSystem.h">
      <Filter>Header Files</Filter>
    </ClInclude>
    <ClInclude Include="EmitterShape.h">
      <Filter>Header Files</Filter>
    </ClInclude>
    <ClInclude Include="ParticleData.h">
      <Filter>Header Files</Filter>
    </ClInclude>
    <ClInclude Include="bitmap.h">
      <Filter>Header Files\Libraries</Filter>
    </ClInclude>
    <ClInclude Include="nuklear.h">
      <Filter>Header Files\Libraries</Filter>
    </ClInclude>
    <ClInclude Include="nuklear_glfw_gl2.h">
      <Filter>Header Files\Libraries</Filter>
    </ClInclude>
    <ClInclude Include="Color.h">
      <Filter>Header Files\Color</Filter>
    </ClInclude>
    <ClInclude Include="ColorDeclaration.h">
      <Filter>Header Files\Color</Filter>
    </ClInclude>
    <ClInclude Include="GUI.h">
      <Filter>Header Files\GUI</Filter>
    </ClInclude>
    <ClInclude Include="Vector3.h">
      <Filter>Header Files\Transform</Filter>
    </ClInclude>
    <ClInclude Include="Transformation.h">
      <Filter>Header Files\Transform</Filter>
    </ClInclude>
    <ClInclude Include="ParticleAffector.h">
      <Filter>Header Files\Affector</Filter>
    </ClInclude>
    <ClInclude Include="ParticleObject.h">
      <Filter>Header Files\Object</Filter>
    </ClInclude>
    <ClInclude Include="GameObject.h">
      <Filter>Header Files\Object</Filter>
    </ClInclude>
    <ClInclude Include="ParticleAffectorDeclaration.h">
      <Filter>Header Files\Affector</Filter>
    </ClInclude>
  </ItemGroup>
  <ItemGroup>
    <ClCompile Include="ConsoleApplication1.cpp">
      <Filter>Source Files</Filter>
    </ClCompile>
    <ClCompile Include="Application.cpp">
      <Filter>Source Files</Filter>
    </ClCompile>
    <ClCompile Include="Sprite.cpp">
      <Filter>Source Files</Filter>
    </ClCompile>
    <ClCompile Include="ParticleSystem.cpp">
      <Filter>Source Files</Filter>
    </ClCompile>
    <ClCompile Include="Vector3.cpp">
      <Filter>Source Files</Filter>
    </ClCompile>
    <ClCompile Include="GameObject.cpp">
      <Filter>Source Files</Filter>
    </ClCompile>
  </ItemGroup>
</Project>